
Microsoft Visual Studio Solution File, Format Version 12.00
# Visual Studio Version 17
VisualStudioVersion = 17.0.31903.59
MinimumVisualStudioVersion = 10.0.40219.1
Project("{FAE04EC0-301F-11D3-BF4B-00C04F79EFBC}") = "BlogApp", "BlogApp\BlogApp.csproj", "{9F310B72-1DF4-45F7-8EA7-559F5F0BDE2F}"
EndProject
Global
	GlobalSection(SolutionConfigurationPlatforms) = preSolution
		Debug|Any CPU = Debug|Any CPU
		Release|Any CPU = Release|Any CPU
	EndGlobalSection
	GlobalSection(SolutionProperties) = preSolution
		HideSolutionNode = FALSE
	EndGlobalSection
	GlobalSection(ProjectConfigurationPlatforms) = postSolution
		{9F310B72-1DF4-45F7-8EA7-559F5F0BDE2F}.Debug|Any CPU.ActiveCfg = Debug|Any CPU
		{9F310B72-1DF4-45F7-8EA7-559F5F0BDE2F}.Debug|Any CPU.Build.0 = Debug|Any CPU
		{9F310B72-1DF4-45F7-8EA7-559F5F0BDE2F}.Release|Any CPU.ActiveCfg = Release|Any CPU
		{9F310B72-1DF4-45F7-8EA7-559F5F0BDE2F}.Release|Any CPU.Build.0 = Release|Any CPU
	EndGlobalSection
EndGlobal
